
Microsoft Visual Studio Solution File, Format Version 12.00
# Visual Studio 2015
Project("{FAE04EC0-301F-11D3-BF4B-00C04F79EFBC}") = "HololensProject.CSharp", "HololensProject.CSharp.csproj", "{37C0085E-2701-03FB-6ED3-B15FE77E37F1}"
EndProject
Project("{FAE04EC0-301F-11D3-BF4B-00C04F79EFBC}") = "HololensProject.CSharp.Editor", "HololensProject.CSharp.Editor.csproj", "{CF2A93AC-B056-AB2F-AFA1-59FB39BBEA55}"
EndProject
Global
	GlobalSection(SolutionConfigurationPlatforms) = preSolution
		Debug|Any CPU = Debug|Any CPU
		Release|Any CPU = Release|Any CPU
	EndGlobalSection
	GlobalSection(ProjectConfigurationPlatforms) = postSolution
		{37C0085E-2701-03FB-6ED3-B15FE77E37F1}.Debug|Any CPU.ActiveCfg = Debug|Any CPU
		{37C0085E-2701-03FB-6ED3-B15FE77E37F1}.Debug|Any CPU.Build.0 = Debug|Any CPU
		{37C0085E-2701-03FB-6ED3-B15FE77E37F1}.Release|Any CPU.ActiveCfg = Release|Any CPU
		{37C0085E-2701-03FB-6ED3-B15FE77E37F1}.Release|Any CPU.Build.0 = Release|Any CPU
		{CF2A93AC-B056-AB2F-AFA1-59FB39BBEA55}.Debug|Any CPU.ActiveCfg = Debug|Any CPU
		{CF2A93AC-B056-AB2F-AFA1-59FB39BBEA55}.Debug|Any CPU.Build.0 = Debug|Any CPU
		{CF2A93AC-B056-AB2F-AFA1-59FB39BBEA55}.Release|Any CPU.ActiveCfg = Release|Any CPU
		{CF2A93AC-B056-AB2F-AFA1-59FB39BBEA55}.Release|Any CPU.Build.0 = Release|Any CPU
	EndGlobalSection
	GlobalSection(SolutionProperties) = preSolution
		HideSolutionNode = FALSE
	EndGlobalSection
EndGlobal
